// !$*UTF8*$!
{
	archiveVersion = 1;
	classes = {
	};
	objectVersion = 55;
	objects = {

/* Begin PBXBuildFile section */
		1173135927E87880002D2F17 /* ResumeListPresenter.swift in Sources */ = {isa = PBXBuildFile; fileRef = 1173135327E87880002D2F17 /* ResumeListPresenter.swift */; };
		1173135A27E87880002D2F17 /* ResumeListWorker.swift in Sources */ = {isa = PBXBuildFile; fileRef = 1173135427E87880002D2F17 /* ResumeListWorker.swift */; };
		1173135B27E87880002D2F17 /* ResumeListRouter.swift in Sources */ = {isa = PBXBuildFile; fileRef = 1173135527E87880002D2F17 /* ResumeListRouter.swift */; };
		1173135C27E87880002D2F17 /* ResumeListModels.swift in Sources */ = {isa = PBXBuildFile; fileRef = 1173135627E87880002D2F17 /* ResumeListModels.swift */; };
		1173135D27E87880002D2F17 /* ResumeListViewController.swift in Sources */ = {isa = PBXBuildFile; fileRef = 1173135727E87880002D2F17 /* ResumeListViewController.swift */; };
		1173135E27E87880002D2F17 /* ResumeListInteractor.swift in Sources */ = {isa = PBXBuildFile; fileRef = 1173135827E87880002D2F17 /* ResumeListInteractor.swift */; };
		1173136127E87B73002D2F17 /* ResumeItemCell.swift in Sources */ = {isa = PBXBuildFile; fileRef = 1173136027E87B73002D2F17 /* ResumeItemCell.swift */; };
		1173136327E87B8A002D2F17 /* NewResumeCell.swift in Sources */ = {isa = PBXBuildFile; fileRef = 1173136227E87B8A002D2F17 /* NewResumeCell.swift */; };
		1173136B27E87CB5002D2F17 /* BuilderPresenter.swift in Sources */ = {isa = PBXBuildFile; fileRef = 1173136527E87CB5002D2F17 /* BuilderPresenter.swift */; };
		1173136C27E87CB5002D2F17 /* BuilderWorker.swift in Sources */ = {isa = PBXBuildFile; fileRef = 1173136627E87CB5002D2F17 /* BuilderWorker.swift */; };
		1173136D27E87CB5002D2F17 /* BuilderRouter.swift in Sources */ = {isa = PBXBuildFile; fileRef = 1173136727E87CB5002D2F17 /* BuilderRouter.swift */; };
		1173136E27E87CB5002D2F17 /* BuilderModels.swift in Sources */ = {isa = PBXBuildFile; fileRef = 1173136827E87CB5002D2F17 /* BuilderModels.swift */; };
		1173136F27E87CB5002D2F17 /* BuilderViewController.swift in Sources */ = {isa = PBXBuildFile; fileRef = 1173136927E87CB5002D2F17 /* BuilderViewController.swift */; };
		1173137027E87CB5002D2F17 /* BuilderInteractor.swift in Sources */ = {isa = PBXBuildFile; fileRef = 1173136A27E87CB5002D2F17 /* BuilderInteractor.swift */; };
		1173137327E87CEA002D2F17 /* ImageCell.swift in Sources */ = {isa = PBXBuildFile; fileRef = 1173137227E87CEA002D2F17 /* ImageCell.swift */; };
		1173137527E87D0F002D2F17 /* TextFieldCell.swift in Sources */ = {isa = PBXBuildFile; fileRef = 1173137427E87D0F002D2F17 /* TextFieldCell.swift */; };
		1173137727E87EC1002D2F17 /* TextViewCell.swift in Sources */ = {isa = PBXBuildFile; fileRef = 1173137627E87EC1002D2F17 /* TextViewCell.swift */; };
		1173137927E87EDF002D2F17 /* WorkInputCell.swift in Sources */ = {isa = PBXBuildFile; fileRef = 1173137827E87EDF002D2F17 /* WorkInputCell.swift */; };
		1173137B27E87EFC002D2F17 /* SkillInputCell.swift in Sources */ = {isa = PBXBuildFile; fileRef = 1173137A27E87EFC002D2F17 /* SkillInputCell.swift */; };
		1173137D27E87F1F002D2F17 /* EducationInputCell.swift in Sources */ = {isa = PBXBuildFile; fileRef = 1173137C27E87F1F002D2F17 /* EducationInputCell.swift */; };
		1173137F27E87F3C002D2F17 /* ProjectInputCell.swift in Sources */ = {isa = PBXBuildFile; fileRef = 1173137E27E87F3C002D2F17 /* ProjectInputCell.swift */; };
		11E6BCA827F0E7B800A4F975 /* AddRowCell.swift in Sources */ = {isa = PBXBuildFile; fileRef = 11E6BCA727F0E7B800A4F975 /* AddRowCell.swift */; };
		11E981BC27E32814004F4E22 /* AppDelegate.swift in Sources */ = {isa = PBXBuildFile; fileRef = 11E981BB27E32814004F4E22 /* AppDelegate.swift */; };
		11E981C327E32814004F4E22 /* Main.storyboard in Resources */ = {isa = PBXBuildFile; fileRef = 11E981C127E32814004F4E22 /* Main.storyboard */; };
		11E981C527E32815004F4E22 /* Assets.xcassets in Resources */ = {isa = PBXBuildFile; fileRef = 11E981C427E32815004F4E22 /* Assets.xcassets */; };
		11E981C827E32815004F4E22 /* LaunchScreen.storyboard in Resources */ = {isa = PBXBuildFile; fileRef = 11E981C627E32815004F4E22 /* LaunchScreen.storyboard */; };
		11E981D327E32815004F4E22 /* ResumeBuilderTests.swift in Sources */ = {isa = PBXBuildFile; fileRef = 11E981D227E32815004F4E22 /* ResumeBuilderTests.swift */; };
		11E981DD27E32815004F4E22 /* ResumeBuilderUITests.swift in Sources */ = {isa = PBXBuildFile; fileRef = 11E981DC27E32815004F4E22 /* ResumeBuilderUITests.swift */; };
		11E981DF27E32815004F4E22 /* ResumeBuilderUITestsLaunchTests.swift in Sources */ = {isa = PBXBuildFile; fileRef = 11E981DE27E32815004F4E22 /* ResumeBuilderUITestsLaunchTests.swift */; };
		11E981EE27E33760004F4E22 /* Font Awesome 6 Free-Solid-900.otf in Resources */ = {isa = PBXBuildFile; fileRef = 11E981EC27E33760004F4E22 /* Font Awesome 6 Free-Solid-900.otf */; };
		11E981EF27E33760004F4E22 /* Font Awesome 6 Free-Regular-400.otf in Resources */ = {isa = PBXBuildFile; fileRef = 11E981ED27E33760004F4E22 /* Font Awesome 6 Free-Regular-400.otf */; };
		11E981F227E337FA004F4E22 /* AtkinsonHyperlegible-Regular.ttf in Resources */ = {isa = PBXBuildFile; fileRef = 11E981F027E337FA004F4E22 /* AtkinsonHyperlegible-Regular.ttf */; };
		11E981F327E337FA004F4E22 /* AtkinsonHyperlegible-Bold.ttf in Resources */ = {isa = PBXBuildFile; fileRef = 11E981F127E337FA004F4E22 /* AtkinsonHyperlegible-Bold.ttf */; };
		5C99E1B034ABE19F2A727284 /* StringExtension.swift in Sources */ = {isa = PBXBuildFile; fileRef = 5C99EBE3D779101FC2001700 /* StringExtension.swift */; };
		5C99E1B07C01A9BE181ECCB9 /* Resume.swift in Sources */ = {isa = PBXBuildFile; fileRef = 5C99E185BB88A35136F5010B /* Resume.swift */; };
		5C99E9B4607E611052E280B6 /* User.swift in Sources */ = {isa = PBXBuildFile; fileRef = 5C99ECB065F0F7BA4DD63A1A /* User.swift */; };
		5C99EC161CD82341EEAA78DB /* ArrayExtension.swift in Sources */ = {isa = PBXBuildFile; fileRef = 5C99EDBE743B65361001737A /* ArrayExtension.swift */; };
		5C99EFB896089875BB0C72C7 /* Content.swift in Sources */ = {isa = PBXBuildFile; fileRef = 5C99E636DFBF8A757049128B /* Content.swift */; };
		CE27B5B387064A8083FFFF6F /* Pods_ResumeBuilderTests.framework in Frameworks */ = {isa = PBXBuildFile; fileRef = 6EE93B3AC7E28C43332CECB2 /* Pods_ResumeBuilderTests.framework */; };
		DEDC3F5D0142A268600C8EC5 /* Pods_ResumeBuilder_ResumeBuilderUITests.framework in Frameworks */ = {isa = PBXBuildFile; fileRef = D222399048921951DF068467 /* Pods_ResumeBuilder_ResumeBuilderUITests.framework */; };
		EEE456FDFFF886903582605A /* Pods_ResumeBuilder.framework in Frameworks */ = {isa = PBXBuildFile; fileRef = 48C19D822DFB31A3E3B9EFC5 /* Pods_ResumeBuilder.framework */; };
/* End PBXBuildFile section */

/* Begin PBXContainerItemProxy section */
		11E981CF27E32815004F4E22 /* PBXContainerItemProxy */ = {
			isa = PBXContainerItemProxy;
			containerPortal = 11E981B027E32814004F4E22 /* Project object */;
			proxyType = 1;
			remoteGlobalIDString = 11E981B727E32814004F4E22;
			remoteInfo = ResumeBuilder;
		};
		11E981D927E32815004F4E22 /* PBXContainerItemProxy */ = {
			isa = PBXContainerItemProxy;
			containerPortal = 11E981B027E32814004F4E22 /* Project object */;
			proxyType = 1;
			remoteGlobalIDString = 11E981B727E32814004F4E22;
			remoteInfo = ResumeBuilder;
		};
/* End PBXContainerItemProxy section */

/* Begin PBXFileReference section */
		1173135327E87880002D2F17 /* ResumeListPresenter.swift */ = {isa = PBXFileReference; lastKnownFileType = sourcecode.swift; path = ResumeListPresenter.swift; sourceTree = "<group>"; };
		1173135427E87880002D2F17 /* ResumeListWorker.swift */ = {isa = PBXFileReference; lastKnownFileType = sourcecode.swift; path = ResumeListWorker.swift; sourceTree = "<group>"; };
		1173135527E87880002D2F17 /* ResumeListRouter.swift */ = {isa = PBXFileReference; lastKnownFileType = sourcecode.swift; path = ResumeListRouter.swift; sourceTree = "<group>"; };
		1173135627E87880002D2F17 /* ResumeListModels.swift */ = {isa = PBXFileReference; lastKnownFileType = sourcecode.swift; path = ResumeListModels.swift; sourceTree = "<group>"; };
		1173135727E87880002D2F17 /* ResumeListViewController.swift */ = {isa = PBXFileReference; lastKnownFileType = sourcecode.swift; path = ResumeListViewController.swift; sourceTree = "<group>"; };
		1173135827E87880002D2F17 /* ResumeListInteractor.swift */ = {isa = PBXFileReference; lastKnownFileType = sourcecode.swift; path = ResumeListInteractor.swift; sourceTree = "<group>"; };
		1173136027E87B73002D2F17 /* ResumeItemCell.swift */ = {isa = PBXFileReference; lastKnownFileType = sourcecode.swift; path = ResumeItemCell.swift; sourceTree = "<group>"; };
		1173136227E87B8A002D2F17 /* NewResumeCell.swift */ = {isa = PBXFileReference; lastKnownFileType = sourcecode.swift; path = NewResumeCell.swift; sourceTree = "<group>"; };
		1173136527E87CB5002D2F17 /* BuilderPresenter.swift */ = {isa = PBXFileReference; lastKnownFileType = sourcecode.swift; path = BuilderPresenter.swift; sourceTree = "<group>"; };
		1173136627E87CB5002D2F17 /* BuilderWorker.swift */ = {isa = PBXFileReference; lastKnownFileType = sourcecode.swift; path = BuilderWorker.swift; sourceTree = "<group>"; };
		1173136727E87CB5002D2F17 /* BuilderRouter.swift */ = {isa = PBXFileReference; lastKnownFileType = sourcecode.swift; path = BuilderRouter.swift; sourceTree = "<group>"; };
		1173136827E87CB5002D2F17 /* BuilderModels.swift */ = {isa = PBXFileReference; lastKnownFileType = sourcecode.swift; path = BuilderModels.swift; sourceTree = "<group>"; };
		1173136927E87CB5002D2F17 /* BuilderViewController.swift */ = {isa = PBXFileReference; lastKnownFileType = sourcecode.swift; path = BuilderViewController.swift; sourceTree = "<group>"; };
		1173136A27E87CB5002D2F17 /* BuilderInteractor.swift */ = {isa = PBXFileReference; lastKnownFileType = sourcecode.swift; path = BuilderInteractor.swift; sourceTree = "<group>"; };
		1173137227E87CEA002D2F17 /* ImageCell.swift */ = {isa = PBXFileReference; lastKnownFileType = sourcecode.swift; path = ImageCell.swift; sourceTree = "<group>"; };
		1173137427E87D0F002D2F17 /* TextFieldCell.swift */ = {isa = PBXFileReference; lastKnownFileType = sourcecode.swift; path = TextFieldCell.swift; sourceTree = "<group>"; };
		1173137627E87EC1002D2F17 /* TextViewCell.swift */ = {isa = PBXFileReference; lastKnownFileType = sourcecode.swift; path = TextViewCell.swift; sourceTree = "<group>"; };
		1173137827E87EDF002D2F17 /* WorkInputCell.swift */ = {isa = PBXFileReference; lastKnownFileType = sourcecode.swift; path = WorkInputCell.swift; sourceTree = "<group>"; };
		1173137A27E87EFC002D2F17 /* SkillInputCell.swift */ = {isa = PBXFileReference; lastKnownFileType = sourcecode.swift; path = SkillInputCell.swift; sourceTree = "<group>"; };
		1173137C27E87F1F002D2F17 /* EducationInputCell.swift */ = {isa = PBXFileReference; lastKnownFileType = sourcecode.swift; path = EducationInputCell.swift; sourceTree = "<group>"; };
		1173137E27E87F3C002D2F17 /* ProjectInputCell.swift */ = {isa = PBXFileReference; lastKnownFileType = sourcecode.swift; path = ProjectInputCell.swift; sourceTree = "<group>"; };
		11E6BCA727F0E7B800A4F975 /* AddRowCell.swift */ = {isa = PBXFileReference; lastKnownFileType = sourcecode.swift; path = AddRowCell.swift; sourceTree = "<group>"; };
		11E981B827E32814004F4E22 /* ResumeBuilder.app */ = {isa = PBXFileReference; explicitFileType = wrapper.application; includeInIndex = 0; path = ResumeBuilder.app; sourceTree = BUILT_PRODUCTS_DIR; };
		11E981BB27E32814004F4E22 /* AppDelegate.swift */ = {isa = PBXFileReference; lastKnownFileType = sourcecode.swift; path = AppDelegate.swift; sourceTree = "<group>"; };
		11E981C227E32814004F4E22 /* Base */ = {isa = PBXFileReference; lastKnownFileType = file.storyboard; name = Base; path = Base.lproj/Main.storyboard; sourceTree = "<group>"; };
		11E981C427E32815004F4E22 /* Assets.xcassets */ = {isa = PBXFileReference; lastKnownFileType = folder.assetcatalog; path = Assets.xcassets; sourceTree = "<group>"; };
		11E981C727E32815004F4E22 /* Base */ = {isa = PBXFileReference; lastKnownFileType = file.storyboard; name = Base; path = Base.lproj/LaunchScreen.storyboard; sourceTree = "<group>"; };
		11E981C927E32815004F4E22 /* Info.plist */ = {isa = PBXFileReference; lastKnownFileType = text.plist.xml; path = Info.plist; sourceTree = "<group>"; };
		11E981CE27E32815004F4E22 /* ResumeBuilderTests.xctest */ = {isa = PBXFileReference; explicitFileType = wrapper.cfbundle; includeInIndex = 0; path = ResumeBuilderTests.xctest; sourceTree = BUILT_PRODUCTS_DIR; };
		11E981D227E32815004F4E22 /* ResumeBuilderTests.swift */ = {isa = PBXFileReference; lastKnownFileType = sourcecode.swift; path = ResumeBuilderTests.swift; sourceTree = "<group>"; };
		11E981D827E32815004F4E22 /* ResumeBuilderUITests.xctest */ = {isa = PBXFileReference; explicitFileType = wrapper.cfbundle; includeInIndex = 0; path = ResumeBuilderUITests.xctest; sourceTree = BUILT_PRODUCTS_DIR; };
		11E981DC27E32815004F4E22 /* ResumeBuilderUITests.swift */ = {isa = PBXFileReference; lastKnownFileType = sourcecode.swift; path = ResumeBuilderUITests.swift; sourceTree = "<group>"; };
		11E981DE27E32815004F4E22 /* ResumeBuilderUITestsLaunchTests.swift */ = {isa = PBXFileReference; lastKnownFileType = sourcecode.swift; path = ResumeBuilderUITestsLaunchTests.swift; sourceTree = "<group>"; };
		11E981EC27E33760004F4E22 /* Font Awesome 6 Free-Solid-900.otf */ = {isa = PBXFileReference; lastKnownFileType = file; path = "Font Awesome 6 Free-Solid-900.otf"; sourceTree = "<group>"; };
		11E981ED27E33760004F4E22 /* Font Awesome 6 Free-Regular-400.otf */ = {isa = PBXFileReference; lastKnownFileType = file; path = "Font Awesome 6 Free-Regular-400.otf"; sourceTree = "<group>"; };
		11E981F027E337FA004F4E22 /* AtkinsonHyperlegible-Regular.ttf */ = {isa = PBXFileReference; lastKnownFileType = file; path = "AtkinsonHyperlegible-Regular.ttf"; sourceTree = "<group>"; };
		11E981F127E337FA004F4E22 /* AtkinsonHyperlegible-Bold.ttf */ = {isa = PBXFileReference; lastKnownFileType = file; path = "AtkinsonHyperlegible-Bold.ttf"; sourceTree = "<group>"; };
		1FA81AAAC783B98FBD0F9B86 /* Pods-ResumeBuilder-ResumeBuilderUITests.debug.xcconfig */ = {isa = PBXFileReference; includeInIndex = 1; lastKnownFileType = text.xcconfig; name = "Pods-ResumeBuilder-ResumeBuilderUITests.debug.xcconfig"; path = "Target Support Files/Pods-ResumeBuilder-ResumeBuilderUITests/Pods-ResumeBuilder-ResumeBuilderUITests.debug.xcconfig"; sourceTree = "<group>"; };
		30D5BB6E3814D121B4F639F5 /* Pods-ResumeBuilder.debug.xcconfig */ = {isa = PBXFileReference; includeInIndex = 1; lastKnownFileType = text.xcconfig; name = "Pods-ResumeBuilder.debug.xcconfig"; path = "Target Support Files/Pods-ResumeBuilder/Pods-ResumeBuilder.debug.xcconfig"; sourceTree = "<group>"; };
		48C19D822DFB31A3E3B9EFC5 /* Pods_ResumeBuilder.framework */ = {isa = PBXFileReference; explicitFileType = wrapper.framework; includeInIndex = 0; path = Pods_ResumeBuilder.framework; sourceTree = BUILT_PRODUCTS_DIR; };
		4DFDF29EF2E598CDBCEB94C5 /* Pods-ResumeBuilder-ResumeBuilderUITests.release.xcconfig */ = {isa = PBXFileReference; includeInIndex = 1; lastKnownFileType = text.xcconfig; name = "Pods-ResumeBuilder-ResumeBuilderUITests.release.xcconfig"; path = "Target Support Files/Pods-ResumeBuilder-ResumeBuilderUITests/Pods-ResumeBuilder-ResumeBuilderUITests.release.xcconfig"; sourceTree = "<group>"; };
		5C99E185BB88A35136F5010B /* Resume.swift */ = {isa = PBXFileReference; fileEncoding = 4; lastKnownFileType = sourcecode.swift; path = Resume.swift; sourceTree = "<group>"; };
		5C99E636DFBF8A757049128B /* Content.swift */ = {isa = PBXFileReference; fileEncoding = 4; lastKnownFileType = sourcecode.swift; path = Content.swift; sourceTree = "<group>"; };
		5C99EBE3D779101FC2001700 /* StringExtension.swift */ = {isa = PBXFileReference; fileEncoding = 4; lastKnownFileType = sourcecode.swift; path = StringExtension.swift; sourceTree = "<group>"; };
		5C99ECB065F0F7BA4DD63A1A /* User.swift */ = {isa = PBXFileReference; fileEncoding = 4; lastKnownFileType = sourcecode.swift; path = User.swift; sourceTree = "<group>"; };
		5C99EDBE743B65361001737A /* ArrayExtension.swift */ = {isa = PBXFileReference; fileEncoding = 4; lastKnownFileType = sourcecode.swift; path = ArrayExtension.swift; sourceTree = "<group>"; };
		6CFF865E2FE5D9443D910BA6 /* Pods-ResumeBuilderTests.debug.xcconfig */ = {isa = PBXFileReference; includeInIndex = 1; lastKnownFileType = text.xcconfig; name = "Pods-ResumeBuilderTests.debug.xcconfig"; path = "Target Support Files/Pods-ResumeBuilderTests/Pods-ResumeBuilderTests.debug.xcconfig"; sourceTree = "<group>"; };
		6EE93B3AC7E28C43332CECB2 /* Pods_ResumeBuilderTests.framework */ = {isa = PBXFileReference; explicitFileType = wrapper.framework; includeInIndex = 0; path = Pods_ResumeBuilderTests.framework; sourceTree = BUILT_PRODUCTS_DIR; };
		C583AF23887CCA7444C40FA7 /* Pods-ResumeBuilder.release.xcconfig */ = {isa = PBXFileReference; includeInIndex = 1; lastKnownFileType = text.xcconfig; name = "Pods-ResumeBuilder.release.xcconfig"; path = "Target Support Files/Pods-ResumeBuilder/Pods-ResumeBuilder.release.xcconfig"; sourceTree = "<group>"; };
		D222399048921951DF068467 /* Pods_ResumeBuilder_ResumeBuilderUITests.framework */ = {isa = PBXFileReference; explicitFileType = wrapper.framework; includeInIndex = 0; path = Pods_ResumeBuilder_ResumeBuilderUITests.framework; sourceTree = BUILT_PRODUCTS_DIR; };
		E65090530A82CC6EDE25FE2D /* Pods-ResumeBuilderTests.release.xcconfig */ = {isa = PBXFileReference; includeInIndex = 1; lastKnownFileType = text.xcconfig; name = "Pods-ResumeBuilderTests.release.xcconfig"; path = "Target Support Files/Pods-ResumeBuilderTests/Pods-ResumeBuilderTests.release.xcconfig"; sourceTree = "<group>"; };
/* End PBXFileReference section */

/* Begin PBXFrameworksBuildPhase section */
		11E981B527E32814004F4E22 /* Frameworks */ = {
			isa = PBXFrameworksBuildPhase;
			buildActionMask = 2147483647;
			files = (
				EEE456FDFFF886903582605A /* Pods_ResumeBuilder.framework in Frameworks */,
			);
			runOnlyForDeploymentPostprocessing = 0;
		};
		11E981CB27E32815004F4E22 /* Frameworks */ = {
			isa = PBXFrameworksBuildPhase;
			buildActionMask = 2147483647;
			files = (
				CE27B5B387064A8083FFFF6F /* Pods_ResumeBuilderTests.framework in Frameworks */,
			);
			runOnlyForDeploymentPostprocessing = 0;
		};
		11E981D527E32815004F4E22 /* Frameworks */ = {
			isa = PBXFrameworksBuildPhase;
			buildActionMask = 2147483647;
			files = (
				DEDC3F5D0142A268600C8EC5 /* Pods_ResumeBuilder_ResumeBuilderUITests.framework in Frameworks */,
			);
			runOnlyForDeploymentPostprocessing = 0;
		};
/* End PBXFrameworksBuildPhase section */

/* Begin PBXGroup section */
		1173135F27E87B2C002D2F17 /* Cells */ = {
			isa = PBXGroup;
			children = (
				1173136027E87B73002D2F17 /* ResumeItemCell.swift */,
				1173136227E87B8A002D2F17 /* NewResumeCell.swift */,
			);
			path = Cells;
			sourceTree = "<group>";
		};
		1173136427E87C84002D2F17 /* Models */ = {
			isa = PBXGroup;
			children = (
				5C99E185BB88A35136F5010B /* Resume.swift */,
				5C99ECB065F0F7BA4DD63A1A /* User.swift */,
				5C99E636DFBF8A757049128B /* Content.swift */,
			);
			path = Models;
			sourceTree = "<group>";
		};
		1173137127E87CC4002D2F17 /* Cells */ = {
			isa = PBXGroup;
			children = (
				1173137227E87CEA002D2F17 /* ImageCell.swift */,
				1173137427E87D0F002D2F17 /* TextFieldCell.swift */,
				1173137627E87EC1002D2F17 /* TextViewCell.swift */,
				1173137827E87EDF002D2F17 /* WorkInputCell.swift */,
				1173137A27E87EFC002D2F17 /* SkillInputCell.swift */,
				1173137C27E87F1F002D2F17 /* EducationInputCell.swift */,
				1173137E27E87F3C002D2F17 /* ProjectInputCell.swift */,
				11E6BCA727F0E7B800A4F975 /* AddRowCell.swift */,
			);
			path = Cells;
			sourceTree = "<group>";
		};
		11E981AF27E32814004F4E22 = {
			isa = PBXGroup;
			children = (
				11E981BA27E32814004F4E22 /* ResumeBuilder */,
				11E981D127E32815004F4E22 /* ResumeBuilderTests */,
				11E981DB27E32815004F4E22 /* ResumeBuilderUITests */,
				11E981B927E32814004F4E22 /* Products */,
				35EF2BC5C43B80E432659EB7 /* Pods */,
				274AF113E995157C01B843E7 /* Frameworks */,
			);
			sourceTree = "<group>";
		};
		11E981B927E32814004F4E22 /* Products */ = {
			isa = PBXGroup;
			children = (
				11E981B827E32814004F4E22 /* ResumeBuilder.app */,
				11E981CE27E32815004F4E22 /* ResumeBuilderTests.xctest */,
				11E981D827E32815004F4E22 /* ResumeBuilderUITests.xctest */,
			);
			name = Products;
			sourceTree = "<group>";
		};
		11E981BA27E32814004F4E22 /* ResumeBuilder */ = {
			isa = PBXGroup;
			children = (
				1173136427E87C84002D2F17 /* Models */,
				11E981F527E338D0004F4E22 /* Extensions */,
				11E981F427E338AB004F4E22 /* Scenes */,
				11E981BB27E32814004F4E22 /* AppDelegate.swift */,
				11E981C127E32814004F4E22 /* Main.storyboard */,
				11E981C427E32815004F4E22 /* Assets.xcassets */,
				11E981C627E32815004F4E22 /* LaunchScreen.storyboard */,
				11E981C927E32815004F4E22 /* Info.plist */,
				11E981EB27E33760004F4E22 /* Fonts */,
			);
			path = ResumeBuilder;
			sourceTree = "<group>";
		};
		11E981D127E32815004F4E22 /* ResumeBuilderTests */ = {
			isa = PBXGroup;
			children = (
				11E981D227E32815004F4E22 /* ResumeBuilderTests.swift */,
			);
			path = ResumeBuilderTests;
			sourceTree = "<group>";
		};
		11E981DB27E32815004F4E22 /* ResumeBuilderUITests */ = {
			isa = PBXGroup;
			children = (
				11E981DC27E32815004F4E22 /* ResumeBuilderUITests.swift */,
				11E981DE27E32815004F4E22 /* ResumeBuilderUITestsLaunchTests.swift */,
			);
			path = ResumeBuilderUITests;
			sourceTree = "<group>";
		};
		11E981EB27E33760004F4E22 /* Fonts */ = {
			isa = PBXGroup;
			children = (
				11E981F127E337FA004F4E22 /* AtkinsonHyperlegible-Bold.ttf */,
				11E981F027E337FA004F4E22 /* AtkinsonHyperlegible-Regular.ttf */,
				11E981EC27E33760004F4E22 /* Font Awesome 6 Free-Solid-900.otf */,
				11E981ED27E33760004F4E22 /* Font Awesome 6 Free-Regular-400.otf */,
			);
			path = Fonts;
			sourceTree = "<group>";
		};
		11E981F427E338AB004F4E22 /* Scenes */ = {
			isa = PBXGroup;
			children = (
				11E981F727E3390E004F4E22 /* Builder */,
				11E981F627E338EB004F4E22 /* ResumeList */,
			);
			path = Scenes;
			sourceTree = "<group>";
		};
		11E981F527E338D0004F4E22 /* Extensions */ = {
			isa = PBXGroup;
			children = (
				5C99EBE3D779101FC2001700 /* StringExtension.swift */,
				5C99EDBE743B65361001737A /* ArrayExtension.swift */,
			);
			path = Extensions;
			sourceTree = "<group>";
		};
		11E981F627E338EB004F4E22 /* ResumeList */ = {
			isa = PBXGroup;
			children = (
				1173135F27E87B2C002D2F17 /* Cells */,
				1173135327E87880002D2F17 /* ResumeListPresenter.swift */,
				1173135427E87880002D2F17 /* ResumeListWorker.swift */,
				1173135527E87880002D2F17 /* ResumeListRouter.swift */,
				1173135627E87880002D2F17 /* ResumeListModels.swift */,
				1173135727E87880002D2F17 /* ResumeListViewController.swift */,
				1173135827E87880002D2F17 /* ResumeListInteractor.swift */,
			);
			path = ResumeList;
			sourceTree = "<group>";
		};
		11E981F727E3390E004F4E22 /* Builder */ = {
			isa = PBXGroup;
			children = (
				1173137127E87CC4002D2F17 /* Cells */,
				1173136527E87CB5002D2F17 /* BuilderPresenter.swift */,
				1173136627E87CB5002D2F17 /* BuilderWorker.swift */,
				1173136727E87CB5002D2F17 /* BuilderRouter.swift */,
				1173136827E87CB5002D2F17 /* BuilderModels.swift */,
				1173136927E87CB5002D2F17 /* BuilderViewController.swift */,
				1173136A27E87CB5002D2F17 /* BuilderInteractor.swift */,
			);
			path = Builder;
			sourceTree = "<group>";
		};
		274AF113E995157C01B843E7 /* Frameworks */ = {
			isa = PBXGroup;
			children = (
				48C19D822DFB31A3E3B9EFC5 /* Pods_ResumeBuilder.framework */,
				D222399048921951DF068467 /* Pods_ResumeBuilder_ResumeBuilderUITests.framework */,
				6EE93B3AC7E28C43332CECB2 /* Pods_ResumeBuilderTests.framework */,
			);
			name = Frameworks;
			sourceTree = "<group>";
		};
		35EF2BC5C43B80E432659EB7 /* Pods */ = {
			isa = PBXGroup;
			children = (
				30D5BB6E3814D121B4F639F5 /* Pods-ResumeBuilder.debug.xcconfig */,
				C583AF23887CCA7444C40FA7 /* Pods-ResumeBuilder.release.xcconfig */,
				1FA81AAAC783B98FBD0F9B86 /* Pods-ResumeBuilder-ResumeBuilderUITests.debug.xcconfig */,
				4DFDF29EF2E598CDBCEB94C5 /* Pods-ResumeBuilder-ResumeBuilderUITests.release.xcconfig */,
				6CFF865E2FE5D9443D910BA6 /* Pods-ResumeBuilderTests.debug.xcconfig */,
				E65090530A82CC6EDE25FE2D /* Pods-ResumeBuilderTests.release.xcconfig */,
			);
			path = Pods;
			sourceTree = "<group>";
		};
/* End PBXGroup section */

/* Begin PBXNativeTarget section */
		11E981B727E32814004F4E22 /* ResumeBuilder */ = {
			isa = PBXNativeTarget;
			buildConfigurationList = 11E981E227E32815004F4E22 /* Build configuration list for PBXNativeTarget "ResumeBuilder" */;
			buildPhases = (
				E4D426EA318D529E9FB1BDC6 /* [CP] Check Pods Manifest.lock */,
				11E981B427E32814004F4E22 /* Sources */,
				11E981B527E32814004F4E22 /* Frameworks */,
				11E981B627E32814004F4E22 /* Resources */,
				07875C4FFDA1C5662CAB5C63 /* [CP] Embed Pods Frameworks */,
			);
			buildRules = (
			);
			dependencies = (
			);
			name = ResumeBuilder;
			productName = ResumeBuilder;
			productReference = 11E981B827E32814004F4E22 /* ResumeBuilder.app */;
			productType = "com.apple.product-type.application";
		};
		11E981CD27E32815004F4E22 /* ResumeBuilderTests */ = {
			isa = PBXNativeTarget;
			buildConfigurationList = 11E981E527E32815004F4E22 /* Build configuration list for PBXNativeTarget "ResumeBuilderTests" */;
			buildPhases = (
				B2914DA0DA08AE259A62CA6C /* [CP] Check Pods Manifest.lock */,
				11E981CA27E32815004F4E22 /* Sources */,
				11E981CB27E32815004F4E22 /* Frameworks */,
				11E981CC27E32815004F4E22 /* Resources */,
				1A5C97E9A33130C94956B107 /* [CP] Embed Pods Frameworks */,
			);
			buildRules = (
			);
			dependencies = (
				11E981D027E32815004F4E22 /* PBXTargetDependency */,
			);
			name = ResumeBuilderTests;
			productName = ResumeBuilderTests;
			productReference = 11E981CE27E32815004F4E22 /* ResumeBuilderTests.xctest */;
			productType = "com.apple.product-type.bundle.unit-test";
		};
		11E981D727E32815004F4E22 /* ResumeBuilderUITests */ = {
			isa = PBXNativeTarget;
			buildConfigurationList = 11E981E827E32815004F4E22 /* Build configuration list for PBXNativeTarget "ResumeBuilderUITests" */;
			buildPhases = (
				5852A6ECDA3E78015C5B56B1 /* [CP] Check Pods Manifest.lock */,
				11E981D427E32815004F4E22 /* Sources */,
				11E981D527E32815004F4E22 /* Frameworks */,
				11E981D627E32815004F4E22 /* Resources */,
				C771B7DC8A44FD1DD4CFCADC /* [CP] Embed Pods Frameworks */,
			);
			buildRules = (
			);
			dependencies = (
				11E981DA27E32815004F4E22 /* PBXTargetDependency */,
			);
			name = ResumeBuilderUITests;
			productName = ResumeBuilderUITests;
			productReference = 11E981D827E32815004F4E22 /* ResumeBuilderUITests.xctest */;
			productType = "com.apple.product-type.bundle.ui-testing";
		};
/* End PBXNativeTarget section */

/* Begin PBXProject section */
		11E981B027E32814004F4E22 /* Project object */ = {
			isa = PBXProject;
			attributes = {
				BuildIndependentTargetsInParallel = 1;
				LastSwiftUpdateCheck = 1330;
				LastUpgradeCheck = 1330;
				ORGANIZATIONNAME = "Methas Tariya";
				TargetAttributes = {
					11E981B727E32814004F4E22 = {
						CreatedOnToolsVersion = 13.3;
					};
					11E981CD27E32815004F4E22 = {
						CreatedOnToolsVersion = 13.3;
						TestTargetID = 11E981B727E32814004F4E22;
					};
					11E981D727E32815004F4E22 = {
						CreatedOnToolsVersion = 13.3;
						TestTargetID = 11E981B727E32814004F4E22;
					};
				};
			};
			buildConfigurationList = 11E981B327E32814004F4E22 /* Build configuration list for PBXProject "ResumeBuilder" */;
			compatibilityVersion = "Xcode 13.0";
			developmentRegion = en;
			hasScannedForEncodings = 0;
			knownRegions = (
				en,
				Base,
			);
			mainGroup = 11E981AF27E32814004F4E22;
			productRefGroup = 11E981B927E32814004F4E22 /* Products */;
			projectDirPath = "";
			projectRoot = "";
			targets = (
				11E981B727E32814004F4E22 /* ResumeBuilder */,
				11E981CD27E32815004F4E22 /* ResumeBuilderTests */,
				11E981D727E32815004F4E22 /* ResumeBuilderUITests */,
			);
		};
/* End PBXProject section */

/* Begin PBXResourcesBuildPhase section */
		11E981B627E32814004F4E22 /* Resources */ = {
			isa = PBXResourcesBuildPhase;
			buildActionMask = 2147483647;
			files = (
				11E981EF27E33760004F4E22 /* Font Awesome 6 Free-Regular-400.otf in Resources */,
				11E981C827E32815004F4E22 /* LaunchScreen.storyboard in Resources */,
				11E981C527E32815004F4E22 /* Assets.xcassets in Resources */,
				11E981F327E337FA004F4E22 /* AtkinsonHyperlegible-Bold.ttf in Resources */,
				11E981EE27E33760004F4E22 /* Font Awesome 6 Free-Solid-900.otf in Resources */,
				11E981F227E337FA004F4E22 /* AtkinsonHyperlegible-Regular.ttf in Resources */,
				11E981C327E32814004F4E22 /* Main.storyboard in Resources */,
			);
			runOnlyForDeploymentPostprocessing = 0;
		};
		11E981CC27E32815004F4E22 /* Resources */ = {
			isa = PBXResourcesBuildPhase;
			buildActionMask = 2147483647;
			files = (
			);
			runOnlyForDeploymentPostprocessing = 0;
		};
		11E981D627E32815004F4E22 /* Resources */ = {
			isa = PBXResourcesBuildPhase;
			buildActionMask = 2147483647;
			files = (
			);
			runOnlyForDeploymentPostprocessing = 0;
		};
/* End PBXResourcesBuildPhase section */

/* Begin PBXShellScriptBuildPhase section */
		07875C4FFDA1C5662CAB5C63 /* [CP] Embed Pods Frameworks */ = {
			isa = PBXShellScriptBuildPhase;
			buildActionMask = 2147483647;
			files = (
			);
			inputFileListPaths = (
				"${PODS_ROOT}/Target Support Files/Pods-ResumeBuilder/Pods-ResumeBuilder-frameworks-${CONFIGURATION}-input-files.xcfilelist",
			);
			name = "[CP] Embed Pods Frameworks";
			outputFileListPaths = (
				"${PODS_ROOT}/Target Support Files/Pods-ResumeBuilder/Pods-ResumeBuilder-frameworks-${CONFIGURATION}-output-files.xcfilelist",
			);
			runOnlyForDeploymentPostprocessing = 0;
			shellPath = /bin/sh;
			shellScript = "\"${PODS_ROOT}/Target Support Files/Pods-ResumeBuilder/Pods-ResumeBuilder-frameworks.sh\"\n";
			showEnvVarsInLog = 0;
		};
		1A5C97E9A33130C94956B107 /* [CP] Embed Pods Frameworks */ = {
			isa = PBXShellScriptBuildPhase;
			buildActionMask = 2147483647;
			files = (
			);
			inputFileListPaths = (
				"${PODS_ROOT}/Target Support Files/Pods-ResumeBuilderTests/Pods-ResumeBuilderTests-frameworks-${CONFIGURATION}-input-files.xcfilelist",
			);
			name = "[CP] Embed Pods Frameworks";
			outputFileListPaths = (
				"${PODS_ROOT}/Target Support Files/Pods-ResumeBuilderTests/Pods-ResumeBuilderTests-frameworks-${CONFIGURATION}-output-files.xcfilelist",
			);
			runOnlyForDeploymentPostprocessing = 0;
			shellPath = /bin/sh;
			shellScript = "\"${PODS_ROOT}/Target Support Files/Pods-ResumeBuilderTests/Pods-ResumeBuilderTests-frameworks.sh\"\n";
			showEnvVarsInLog = 0;
		};
		5852A6ECDA3E78015C5B56B1 /* [CP] Check Pods Manifest.lock */ = {
			isa = PBXShellScriptBuildPhase;
			buildActionMask = 2147483647;
			files = (
			);
			inputFileListPaths = (
			);
			inputPaths = (
				"${PODS_PODFILE_DIR_PATH}/Podfile.lock",
				"${PODS_ROOT}/Manifest.lock",
			);
			name = "[CP] Check Pods Manifest.lock";
			outputFileListPaths = (
			);
			outputPaths = (
				"$(DERIVED_FILE_DIR)/Pods-ResumeBuilder-ResumeBuilderUITests-checkManifestLockResult.txt",
			);
			runOnlyForDeploymentPostprocessing = 0;
			shellPath = /bin/sh;
			shellScript = "diff \"${PODS_PODFILE_DIR_PATH}/Podfile.lock\" \"${PODS_ROOT}/Manifest.lock\" > /dev/null\nif [ $? != 0 ] ; then\n    # print error to STDERR\n    echo \"error: The sandbox is not in sync with the Podfile.lock. Run 'pod install' or update your CocoaPods installation.\" >&2\n    exit 1\nfi\n# This output is used by Xcode 'outputs' to avoid re-running this script phase.\necho \"SUCCESS\" > \"${SCRIPT_OUTPUT_FILE_0}\"\n";
			showEnvVarsInLog = 0;
		};
		B2914DA0DA08AE259A62CA6C /* [CP] Check Pods Manifest.lock */ = {
			isa = PBXShellScriptBuildPhase;
			buildActionMask = 2147483647;
			files = (
			);
			inputFileListPaths = (
			);
			inputPaths = (
				"${PODS_PODFILE_DIR_PATH}/Podfile.lock",
				"${PODS_ROOT}/Manifest.lock",
			);
			name = "[CP] Check Pods Manifest.lock";
			outputFileListPaths = (
			);
			outputPaths = (
				"$(DERIVED_FILE_DIR)/Pods-ResumeBuilderTests-checkManifestLockResult.txt",
			);
			runOnlyForDeploymentPostprocessing = 0;
			shellPath = /bin/sh;
			shellScript = "diff \"${PODS_PODFILE_DIR_PATH}/Podfile.lock\" \"${PODS_ROOT}/Manifest.lock\" > /dev/null\nif [ $? != 0 ] ; then\n    # print error to STDERR\n    echo \"error: The sandbox is not in sync with the Podfile.lock. Run 'pod install' or update your CocoaPods installation.\" >&2\n    exit 1\nfi\n# This output is used by Xcode 'outputs' to avoid re-running this script phase.\necho \"SUCCESS\" > \"${SCRIPT_OUTPUT_FILE_0}\"\n";
			showEnvVarsInLog = 0;
		};
		C771B7DC8A44FD1DD4CFCADC /* [CP] Embed Pods Frameworks */ = {
			isa = PBXShellScriptBuildPhase;
			buildActionMask = 2147483647;
			files = (
			);
			inputFileListPaths = (
				"${PODS_ROOT}/Target Support Files/Pods-ResumeBuilder-ResumeBuilderUITests/Pods-ResumeBuilder-ResumeBuilderUITests-frameworks-${CONFIGURATION}-input-files.xcfilelist",
			);
			name = "[CP] Embed Pods Frameworks";
			outputFileListPaths = (
				"${PODS_ROOT}/Target Support Files/Pods-ResumeBuilder-ResumeBuilderUITests/Pods-ResumeBuilder-ResumeBuilderUITests-frameworks-${CONFIGURATION}-output-files.xcfilelist",
			);
			runOnlyForDeploymentPostprocessing = 0;
			shellPath = /bin/sh;
			shellScript = "\"${PODS_ROOT}/Target Support Files/Pods-ResumeBuilder-ResumeBuilderUITests/Pods-ResumeBuilder-ResumeBuilderUITests-frameworks.sh\"\n";
			showEnvVarsInLog = 0;
		};
		E4D426EA318D529E9FB1BDC6 /* [CP] Check Pods Manifest.lock */ = {
			isa = PBXShellScriptBuildPhase;
			buildActionMask = 2147483647;
			files = (
			);
			inputFileListPaths = (
			);
			inputPaths = (
				"${PODS_PODFILE_DIR_PATH}/Podfile.lock",
				"${PODS_ROOT}/Manifest.lock",
			);
			name = "[CP] Check Pods Manifest.lock";
			outputFileListPaths = (
			);
			outputPaths = (
				"$(DERIVED_FILE_DIR)/Pods-ResumeBuilder-checkManifestLockResult.txt",
			);
			runOnlyForDeploymentPostprocessing = 0;
			shellPath = /bin/sh;
			shellScript = "diff \"${PODS_PODFILE_DIR_PATH}/Podfile.lock\" \"${PODS_ROOT}/Manifest.lock\" > /dev/null\nif [ $? != 0 ] ; then\n    # print error to STDERR\n    echo \"error: The sandbox is not in sync with the Podfile.lock. Run 'pod install' or update your CocoaPods installation.\" >&2\n    exit 1\nfi\n# This output is used by Xcode 'outputs' to avoid re-running this script phase.\necho \"SUCCESS\" > \"${SCRIPT_OUTPUT_FILE_0}\"\n";
			showEnvVarsInLog = 0;
		};
/* End PBXShellScriptBuildPhase section */

/* Begin PBXSourcesBuildPhase section */
		11E981B427E32814004F4E22 /* Sources */ = {
			isa = PBXSourcesBuildPhase;
			buildActionMask = 2147483647;
			files = (
				1173137F27E87F3C002D2F17 /* ProjectInputCell.swift in Sources */,
				1173136E27E87CB5002D2F17 /* BuilderModels.swift in Sources */,
				1173136B27E87CB5002D2F17 /* BuilderPresenter.swift in Sources */,
				1173137B27E87EFC002D2F17 /* SkillInputCell.swift in Sources */,
				11E6BCA827F0E7B800A4F975 /* AddRowCell.swift in Sources */,
				11E981BC27E32814004F4E22 /* AppDelegate.swift in Sources */,
				1173135C27E87880002D2F17 /* ResumeListModels.swift in Sources */,
				1173137927E87EDF002D2F17 /* WorkInputCell.swift in Sources */,
				1173137027E87CB5002D2F17 /* BuilderInteractor.swift in Sources */,
				1173136F27E87CB5002D2F17 /* BuilderViewController.swift in Sources */,
				1173135927E87880002D2F17 /* ResumeListPresenter.swift in Sources */,
				1173135D27E87880002D2F17 /* ResumeListViewController.swift in Sources */,
				1173135A27E87880002D2F17 /* ResumeListWorker.swift in Sources */,
				1173137727E87EC1002D2F17 /* TextViewCell.swift in Sources */,
				1173136D27E87CB5002D2F17 /* BuilderRouter.swift in Sources */,
				1173136C27E87CB5002D2F17 /* BuilderWorker.swift in Sources */,
				1173135B27E87880002D2F17 /* ResumeListRouter.swift in Sources */,
				1173137527E87D0F002D2F17 /* TextFieldCell.swift in Sources */,
				1173137D27E87F1F002D2F17 /* EducationInputCell.swift in Sources */,
				1173136327E87B8A002D2F17 /* NewResumeCell.swift in Sources */,
				1173137327E87CEA002D2F17 /* ImageCell.swift in Sources */,
				1173135E27E87880002D2F17 /* ResumeListInteractor.swift in Sources */,
				1173136127E87B73002D2F17 /* ResumeItemCell.swift in Sources */,
				5C99E1B07C01A9BE181ECCB9 /* Resume.swift in Sources */,
				5C99E9B4607E611052E280B6 /* User.swift in Sources */,
				5C99EFB896089875BB0C72C7 /* Content.swift in Sources */,
				5C99E1B034ABE19F2A727284 /* StringExtension.swift in Sources */,
				5C99EC161CD82341EEAA78DB /* ArrayExtension.swift in Sources */,
			);
			runOnlyForDeploymentPostprocessing = 0;
		};
		11E981CA27E32815004F4E22 /* Sources */ = {
			isa = PBXSourcesBuildPhase;
			buildActionMask = 2147483647;
			files = (
				11E981D327E32815004F4E22 /* ResumeBuilderTests.swift in Sources */,
			);
			runOnlyForDeploymentPostprocessing = 0;
		};
		11E981D427E32815004F4E22 /* Sources */ = {
			isa = PBXSourcesBuildPhase;
			buildActionMask = 2147483647;
			files = (
				11E981DD27E32815004F4E22 /* ResumeBuilderUITests.swift in Sources */,
				11E981DF27E32815004F4E22 /* ResumeBuilderUITestsLaunchTests.swift in Sources */,
			);
			runOnlyForDeploymentPostprocessing = 0;
		};
/* End PBXSourcesBuildPhase section */

/* Begin PBXTargetDependency section */
		11E981D027E32815004F4E22 /* PBXTargetDependency */ = {
			isa = PBXTargetDependency;
			target = 11E981B727E32814004F4E22 /* ResumeBuilder */;
			targetProxy = 11E981CF27E32815004F4E22 /* PBXContainerItemProxy */;
		};
		11E981DA27E32815004F4E22 /* PBXTargetDependency */ = {
			isa = PBXTargetDependency;
			target = 11E981B727E32814004F4E22 /* ResumeBuilder */;
			targetProxy = 11E981D927E32815004F4E22 /* PBXContainerItemProxy */;
		};
/* End PBXTargetDependency section */

/* Begin PBXVariantGroup section */
		11E981C127E32814004F4E22 /* Main.storyboard */ = {
			isa = PBXVariantGroup;
			children = (
				11E981C227E32814004F4E22 /* Base */,
			);
			name = Main.storyboard;
			sourceTree = "<group>";
		};
		11E981C627E32815004F4E22 /* LaunchScreen.storyboard */ = {
			isa = PBXVariantGroup;
			children = (
				11E981C727E32815004F4E22 /* Base */,
			);
			name = LaunchScreen.storyboard;
			sourceTree = "<group>";
		};
/* End PBXVariantGroup section */

/* Begin XCBuildConfiguration section */
		11E981E027E32815004F4E22 /* Debug */ = {
			isa = XCBuildConfiguration;
			buildSettings = {
				ALWAYS_SEARCH_USER_PATHS = NO;
				CLANG_ANALYZER_NONNULL = YES;
				CLANG_ANALYZER_NUMBER_OBJECT_CONVERSION = YES_AGGRESSIVE;
				CLANG_CXX_LANGUAGE_STANDARD = "gnu++17";
				CLANG_ENABLE_MODULES = YES;
				CLANG_ENABLE_OBJC_ARC = YES;
				CLANG_ENABLE_OBJC_WEAK = YES;
				CLANG_WARN_BLOCK_CAPTURE_AUTORELEASING = YES;
				CLANG_WARN_BOOL_CONVERSION = YES;
				CLANG_WARN_COMMA = YES;
				CLANG_WARN_CONSTANT_CONVERSION = YES;
				CLANG_WARN_DEPRECATED_OBJC_IMPLEMENTATIONS = YES;
				CLANG_WARN_DIRECT_OBJC_ISA_USAGE = YES_ERROR;
				CLANG_WARN_DOCUMENTATION_COMMENTS = YES;
				CLANG_WARN_EMPTY_BODY = YES;
				CLANG_WARN_ENUM_CONVERSION = YES;
				CLANG_WARN_INFINITE_RECURSION = YES;
				CLANG_WARN_INT_CONVERSION = YES;
				CLANG_WARN_NON_LITERAL_NULL_CONVERSION = YES;
				CLANG_WARN_OBJC_IMPLICIT_RETAIN_SELF = YES;
				CLANG_WARN_OBJC_LITERAL_CONVERSION = YES;
				CLANG_WARN_OBJC_ROOT_CLASS = YES_ERROR;
				CLANG_WARN_QUOTED_INCLUDE_IN_FRAMEWORK_HEADER = YES;
				CLANG_WARN_RANGE_LOOP_ANALYSIS = YES;
				CLANG_WARN_STRICT_PROTOTYPES = YES;
				CLANG_WARN_SUSPICIOUS_MOVE = YES;
				CLANG_WARN_UNGUARDED_AVAILABILITY = YES_AGGRESSIVE;
				CLANG_WARN_UNREACHABLE_CODE = YES;
				CLANG_WARN__DUPLICATE_METHOD_MATCH = YES;
				COPY_PHASE_STRIP = NO;
				DEBUG_INFORMATION_FORMAT = dwarf;
				ENABLE_STRICT_OBJC_MSGSEND = YES;
				ENABLE_TESTABILITY = YES;
				GCC_C_LANGUAGE_STANDARD = gnu11;
				GCC_DYNAMIC_NO_PIC = NO;
				GCC_NO_COMMON_BLOCKS = YES;
				GCC_OPTIMIZATION_LEVEL = 0;
				GCC_PREPROCESSOR_DEFINITIONS = (
					"DEBUG=1",
					"$(inherited)",
				);
				GCC_WARN_64_TO_32_BIT_CONVERSION = YES;
				GCC_WARN_ABOUT_RETURN_TYPE = YES_ERROR;
				GCC_WARN_UNDECLARED_SELECTOR = YES;
				GCC_WARN_UNINITIALIZED_AUTOS = YES_AGGRESSIVE;
				GCC_WARN_UNUSED_FUNCTION = YES;
				GCC_WARN_UNUSED_VARIABLE = YES;
				IPHONEOS_DEPLOYMENT_TARGET = 15.4;
				MTL_ENABLE_DEBUG_INFO = INCLUDE_SOURCE;
				MTL_FAST_MATH = YES;
				ONLY_ACTIVE_ARCH = YES;
				SDKROOT = iphoneos;
				SWIFT_ACTIVE_COMPILATION_CONDITIONS = DEBUG;
				SWIFT_OPTIMIZATION_LEVEL = "-Onone";
			};
			name = Debug;
		};
		11E981E127E32815004F4E22 /* Release */ = {
			isa = XCBuildConfiguration;
			buildSettings = {
				ALWAYS_SEARCH_USER_PATHS = NO;
				CLANG_ANALYZER_NONNULL = YES;
				CLANG_ANALYZER_NUMBER_OBJECT_CONVERSION = YES_AGGRESSIVE;
				CLANG_CXX_LANGUAGE_STANDARD = "gnu++17";
				CLANG_ENABLE_MODULES = YES;
				CLANG_ENABLE_OBJC_ARC = YES;
				CLANG_ENABLE_OBJC_WEAK = YES;
				CLANG_WARN_BLOCK_CAPTURE_AUTORELEASING = YES;
				CLANG_WARN_BOOL_CONVERSION = YES;
				CLANG_WARN_COMMA = YES;
				CLANG_WARN_CONSTANT_CONVERSION = YES;
				CLANG_WARN_DEPRECATED_OBJC_IMPLEMENTATIONS = YES;
				CLANG_WARN_DIRECT_OBJC_ISA_USAGE = YES_ERROR;
				CLANG_WARN_DOCUMENTATION_COMMENTS = YES;
				CLANG_WARN_EMPTY_BODY = YES;
				CLANG_WARN_ENUM_CONVERSION = YES;
				CLANG_WARN_INFINITE_RECURSION = YES;
				CLANG_WARN_INT_CONVERSION = YES;
				CLANG_WARN_NON_LITERAL_NULL_CONVERSION = YES;
				CLANG_WARN_OBJC_IMPLICIT_RETAIN_SELF = YES;
				CLANG_WARN_OBJC_LITERAL_CONVERSION = YES;
				CLANG_WARN_OBJC_ROOT_CLASS = YES_ERROR;
				CLANG_WARN_QUOTED_INCLUDE_IN_FRAMEWORK_HEADER = YES;
				CLANG_WARN_RANGE_LOOP_ANALYSIS = YES;
				CLANG_WARN_STRICT_PROTOTYPES = YES;
				CLANG_WARN_SUSPICIOUS_MOVE = YES;
				CLANG_WARN_UNGUARDED_AVAILABILITY = YES_AGGRESSIVE;
				CLANG_WARN_UNREACHABLE_CODE = YES;
				CLANG_WARN__DUPLICATE_METHOD_MATCH = YES;
				COPY_PHASE_STRIP = NO;
				DEBUG_INFORMATION_FORMAT = "dwarf-with-dsym";
				ENABLE_NS_ASSERTIONS = NO;
				ENABLE_STRICT_OBJC_MSGSEND = YES;
				GCC_C_LANGUAGE_STANDARD = gnu11;
				GCC_NO_COMMON_BLOCKS = YES;
				GCC_WARN_64_TO_32_BIT_CONVERSION = YES;
				GCC_WARN_ABOUT_RETURN_TYPE = YES_ERROR;
				GCC_WARN_UNDECLARED_SELECTOR = YES;
				GCC_WARN_UNINITIALIZED_AUTOS = YES_AGGRESSIVE;
				GCC_WARN_UNUSED_FUNCTION = YES;
				GCC_WARN_UNUSED_VARIABLE = YES;
				IPHONEOS_DEPLOYMENT_TARGET = 15.4;
				MTL_ENABLE_DEBUG_INFO = NO;
				MTL_FAST_MATH = YES;
				SDKROOT = iphoneos;
				SWIFT_COMPILATION_MODE = wholemodule;
				SWIFT_OPTIMIZATION_LEVEL = "-O";
				VALIDATE_PRODUCT = YES;
			};
			name = Release;
		};
		11E981E327E32815004F4E22 /* Debug */ = {
			isa = XCBuildConfiguration;
			baseConfigurationReference = 30D5BB6E3814D121B4F639F5 /* Pods-ResumeBuilder.debug.xcconfig */;
			buildSettings = {
				ASSETCATALOG_COMPILER_APPICON_NAME = AppIcon;
				ASSETCATALOG_COMPILER_GLOBAL_ACCENT_COLOR_NAME = AccentColor;
				CODE_SIGN_STYLE = Automatic;
				CURRENT_PROJECT_VERSION = 1;
				DEVELOPMENT_TEAM = LYFJMLPP74;
				GENERATE_INFOPLIST_FILE = YES;
				INFOPLIST_FILE = ResumeBuilder/Info.plist;
				INFOPLIST_KEY_CFBundleDisplayName = "Resume Builder";
				INFOPLIST_KEY_UIApplicationSupportsIndirectInputEvents = YES;
				INFOPLIST_KEY_UILaunchStoryboardName = LaunchScreen;
				INFOPLIST_KEY_UIMainStoryboardFile = Main;
				INFOPLIST_KEY_UISupportedInterfaceOrientations_iPad = "UIInterfaceOrientationPortrait UIInterfaceOrientationPortraitUpsideDown UIInterfaceOrientationLandscapeLeft UIInterfaceOrientationLandscapeRight";
				INFOPLIST_KEY_UISupportedInterfaceOrientations_iPhone = "UIInterfaceOrientationPortrait UIInterfaceOrientationLandscapeLeft UIInterfaceOrientationLandscapeRight";
				IPHONEOS_DEPLOYMENT_TARGET = 12.0;
				LD_RUNPATH_SEARCH_PATHS = (
					"$(inherited)",
					"@executable_path/Frameworks",
				);
				MARKETING_VERSION = 1.0;
				PRODUCT_BUNDLE_IDENTIFIER = com.methas.anymind.ResumeBuilder;
				PRODUCT_NAME = "$(TARGET_NAME)";
				SWIFT_EMIT_LOC_STRINGS = YES;
				SWIFT_VERSION = 5.0;
				TARGETED_DEVICE_FAMILY = "1,2";
			};
			name = Debug;
		};
		11E981E427E32815004F4E22 /* Release */ = {
			isa = XCBuildConfiguration;
			baseConfigurationReference = C583AF23887CCA7444C40FA7 /* Pods-ResumeBuilder.release.xcconfig */;
			buildSettings = {
				ASSETCATALOG_COMPILER_APPICON_NAME = AppIcon;
				ASSETCATALOG_COMPILER_GLOBAL_ACCENT_COLOR_NAME = AccentColor;
				CODE_SIGN_STYLE = Automatic;
				CURRENT_PROJECT_VERSION = 1;
				DEVELOPMENT_TEAM = LYFJMLPP74;
				GENERATE_INFOPLIST_FILE = YES;
				INFOPLIST_FILE = ResumeBuilder/Info.plist;
				INFOPLIST_KEY_CFBundleDisplayName = "Resume Builder";
				INFOPLIST_KEY_UIApplicationSupportsIndirectInputEvents = YES;
				INFOPLIST_KEY_UILaunchStoryboardName = LaunchScreen;
				INFOPLIST_KEY_UIMainStoryboardFile = Main;
				INFOPLIST_KEY_UISupportedInterfaceOrientations_iPad = "UIInterfaceOrientationPortrait UIInterfaceOrientationPortraitUpsideDown UIInterfaceOrientationLandscapeLeft UIInterfaceOrientationLandscapeRight";
				INFOPLIST_KEY_UISupportedInterfaceOrientations_iPhone = "UIInterfaceOrientationPortrait UIInterfaceOrientationLandscapeLeft UIInterfaceOrientationLandscapeRight";
				IPHONEOS_DEPLOYMENT_TARGET = 12.0;
				LD_RUNPATH_SEARCH_PATHS = (
					"$(inherited)",
					"@executable_path/Frameworks",
				);
				MARKETING_VERSION = 1.0;
				PRODUCT_BUNDLE_IDENTIFIER = com.methas.anymind.ResumeBuilder;
				PRODUCT_NAME = "$(TARGET_NAME)";
				SWIFT_EMIT_LOC_STRINGS = YES;
				SWIFT_VERSION = 5.0;
				TARGETED_DEVICE_FAMILY = "1,2";
			};
			name = Release;
		};
		11E981E627E32815004F4E22 /* Debug */ = {
			isa = XCBuildConfiguration;
			baseConfigurationReference = 6CFF865E2FE5D9443D910BA6 /* Pods-ResumeBuilderTests.debug.xcconfig */;
			buildSettings = {
				ALWAYS_EMBED_SWIFT_STANDARD_LIBRARIES = YES;
				BUNDLE_LOADER = "$(TEST_HOST)";
				CODE_SIGN_STYLE = Automatic;
				CURRENT_PROJECT_VERSION = 1;
				DEVELOPMENT_TEAM = LYFJMLPP74;
				GENERATE_INFOPLIST_FILE = YES;
				IPHONEOS_DEPLOYMENT_TARGET = 15.4;
				MARKETING_VERSION = 1.0;
				PRODUCT_BUNDLE_IDENTIFIER = com.methas.ResumeBuilderTests;
				PRODUCT_NAME = "$(TARGET_NAME)";
				SWIFT_EMIT_LOC_STRINGS = NO;
				SWIFT_VERSION = 5.0;
				TARGETED_DEVICE_FAMILY = "1,2";
				TEST_HOST = "$(BUILT_PRODUCTS_DIR)/ResumeBuilder.app/ResumeBuilder";
			};
			name = Debug;
		};
		11E981E727E32815004F4E22 /* Release */ = {
			isa = XCBuildConfiguration;
			baseConfigurationReference = E65090530A82CC6EDE25FE2D /* Pods-ResumeBuilderTests.release.xcconfig */;
			buildSettings = {
				ALWAYS_EMBED_SWIFT_STANDARD_LIBRARIES = YES;
				BUNDLE_LOADER = "$(TEST_HOST)";
				CODE_SIGN_STYLE = Automatic;
				CURRENT_PROJECT_VERSION = 1;
				DEVELOPMENT_TEAM = LYFJMLPP74;
				GENERATE_INFOPLIST_FILE = YES;
				IPHONEOS_DEPLOYMENT_TARGET = 15.4;
				MARKETING_VERSION = 1.0;
				PRODUCT_BUNDLE_IDENTIFIER = com.methas.ResumeBuilderTests;
				PRODUCT_NAME = "$(TARGET_NAME)";
				SWIFT_EMIT_LOC_STRINGS = NO;
				SWIFT_VERSION = 5.0;
				TARGETED_DEVICE_FAMILY = "1,2";
				TEST_HOST = "$(BUILT_PRODUCTS_DIR)/ResumeBuilder.app/ResumeBuilder";
			};
			name = Release;
		};
		11E981E927E32815004F4E22 /* Debug */ = {
			isa = XCBuildConfiguration;
			baseConfigurationReference = 1FA81AAAC783B98FBD0F9B86 /* Pods-ResumeBuilder-ResumeBuilderUITests.debug.xcconfig */;
			buildSettings = {
				ALWAYS_EMBED_SWIFT_STANDARD_LIBRARIES = YES;
				CODE_SIGN_STYLE = Automatic;
				CURRENT_PROJECT_VERSION = 1;
				DEVELOPMENT_TEAM = LYFJMLPP74;
				GENERATE_INFOPLIST_FILE = YES;
				MARKETING_VERSION = 1.0;
				PRODUCT_BUNDLE_IDENTIFIER = com.methas.ResumeBuilderUITests;
				PRODUCT_NAME = "$(TARGET_NAME)";
				SWIFT_EMIT_LOC_STRINGS = NO;
				SWIFT_VERSION = 5.0;
				TARGETED_DEVICE_FAMILY = "1,2";
				TEST_TARGET_NAME = ResumeBuilder;
			};
			name = Debug;
		};
		11E981EA27E32815004F4E22 /* Release */ = {
			isa = XCBuildConfiguration;
			baseConfigurationReference = 4DFDF29EF2E598CDBCEB94C5 /* Pods-ResumeBuilder-ResumeBuilderUITests.release.xcconfig */;
			buildSettings = {
				ALWAYS_EMBED_SWIFT_STANDARD_LIBRARIES = YES;
				CODE_SIGN_STYLE = Automatic;
				CURRENT_PROJECT_VERSION = 1;
				DEVELOPMENT_TEAM = LYFJMLPP74;
				GENERATE_INFOPLIST_FILE = YES;
				MARKETING_VERSION = 1.0;
				PRODUCT_BUNDLE_IDENTIFIER = com.methas.ResumeBuilderUITests;
				PRODUCT_NAME = "$(TARGET_NAME)";
				SWIFT_EMIT_LOC_STRINGS = NO;
				SWIFT_VERSION = 5.0;
				TARGETED_DEVICE_FAMILY = "1,2";
				TEST_TARGET_NAME = ResumeBuilder;
			};
			name = Release;
		};
/* End XCBuildConfiguration section */

/* Begin XCConfigurationList section */
		11E981B327E32814004F4E22 /* Build configuration list for PBXProject "ResumeBuilder" */ = {
			isa = XCConfigurationList;
			buildConfigurations = (
				11E981E027E32815004F4E22 /* Debug */,
				11E981E127E32815004F4E22 /* Release */,
			);
			defaultConfigurationIsVisible = 0;
			defaultConfigurationName = Release;
		};
		11E981E227E32815004F4E22 /* Build configuration list for PBXNativeTarget "ResumeBuilder" */ = {
			isa = XCConfigurationList;
			buildConfigurations = (
				11E981E327E32815004F4E22 /* Debug */,
				11E981E427E32815004F4E22 /* Release */,
			);
			defaultConfigurationIsVisible = 0;
			defaultConfigurationName = Release;
		};
		11E981E527E32815004F4E22 /* Build configuration list for PBXNativeTarget "ResumeBuilderTests" */ = {
			isa = XCConfigurationList;
			buildConfigurations = (
				11E981E627E32815004F4E22 /* Debug */,
				11E981E727E32815004F4E22 /* Release */,
			);
			defaultConfigurationIsVisible = 0;
			defaultConfigurationName = Release;
		};
		11E981E827E32815004F4E22 /* Build configuration list for PBXNativeTarget "ResumeBuilderUITests" */ = {
			isa = XCConfigurationList;
			buildConfigurations = (
				11E981E927E32815004F4E22 /* Debug */,
				11E981EA27E32815004F4E22 /* Release */,
			);
			defaultConfigurationIsVisible = 0;
			defaultConfigurationName = Release;
		};
/* End XCConfigurationList section */
	};
	rootObject = 11E981B027E32814004F4E22 /* Project object */;
}
